// !$*UTF8*$!
{
	archiveVersion = 1;
	classes = {
	};
	objectVersion = 51;
	objects = {

/* Begin PBXBuildFile section */
		085A58B0FB19446964F8CE79 /* Pods_NumeralSystemConvertion__iOS_.framework in Frameworks */ = {isa = PBXBuildFile; fileRef = 30796788E9CBA5E197A0D24D /* Pods_NumeralSystemConvertion__iOS_.framework */; };
		61E6250A9787C8A71F24946A /* Pods_NumeralSystemConvertion__macOS_.framework in Frameworks */ = {isa = PBXBuildFile; fileRef = 860EFD84000BF71EDB196361 /* Pods_NumeralSystemConvertion__macOS_.framework */; };
		BB52E61626FF473900B910BD /* Tests_iOS.swift in Sources */ = {isa = PBXBuildFile; fileRef = BB52E61526FF473900B910BD /* Tests_iOS.swift */; };
		BB52E62126FF473900B910BD /* Tests_macOS.swift in Sources */ = {isa = PBXBuildFile; fileRef = BB52E62026FF473900B910BD /* Tests_macOS.swift */; };
		BB52E62326FF473900B910BD /* NumeralSystemConvertionApp.swift in Sources */ = {isa = PBXBuildFile; fileRef = BB52E5FA26FF473700B910BD /* NumeralSystemConvertionApp.swift */; };
		BB52E62426FF473900B910BD /* NumeralSystemConvertionApp.swift in Sources */ = {isa = PBXBuildFile; fileRef = BB52E5FA26FF473700B910BD /* NumeralSystemConvertionApp.swift */; };
		BB52E62526FF473900B910BD /* ContentView.swift in Sources */ = {isa = PBXBuildFile; fileRef = BB52E5FB26FF473700B910BD /* ContentView.swift */; };
		BB52E62626FF473900B910BD /* ContentView.swift in Sources */ = {isa = PBXBuildFile; fileRef = BB52E5FB26FF473700B910BD /* ContentView.swift */; };
		BB52E62726FF473900B910BD /* Assets.xcassets in Resources */ = {isa = PBXBuildFile; fileRef = BB52E5FC26FF473900B910BD /* Assets.xcassets */; };
		BB52E62826FF473900B910BD /* Assets.xcassets in Resources */ = {isa = PBXBuildFile; fileRef = BB52E5FC26FF473900B910BD /* Assets.xcassets */; };
		BB736E5B271CAC8D0062C4B9 /* AppDelegate.swift in Sources */ = {isa = PBXBuildFile; fileRef = BB736E5A271CAC8D0062C4B9 /* AppDelegate.swift */; };
		BB736E5C271CAC8D0062C4B9 /* AppDelegate.swift in Sources */ = {isa = PBXBuildFile; fileRef = BB736E5A271CAC8D0062C4B9 /* AppDelegate.swift */; };
		BB736E5E272C441A0062C4B9 /* GoogleService-Info.plist in Resources */ = {isa = PBXBuildFile; fileRef = BB736E5D272C441A0062C4B9 /* GoogleService-Info.plist */; };
		BB736E5F272C441B0062C4B9 /* GoogleService-Info.plist in Resources */ = {isa = PBXBuildFile; fileRef = BB736E5D272C441A0062C4B9 /* GoogleService-Info.plist */; };
		BB7813092711B8F20055669E /* EnterPhoneNumber.swift in Sources */ = {isa = PBXBuildFile; fileRef = BB7813082711B8F20055669E /* EnterPhoneNumber.swift */; };
		BB78130A2711B8F20055669E /* EnterPhoneNumber.swift in Sources */ = {isa = PBXBuildFile; fileRef = BB7813082711B8F20055669E /* EnterPhoneNumber.swift */; };
		BB78130F271345860055669E /* AuthentificationWithPhoneNumber.swift in Sources */ = {isa = PBXBuildFile; fileRef = BB78130E271345860055669E /* AuthentificationWithPhoneNumber.swift */; };
		BB781310271345860055669E /* AuthentificationWithPhoneNumber.swift in Sources */ = {isa = PBXBuildFile; fileRef = BB78130E271345860055669E /* AuthentificationWithPhoneNumber.swift */; };
		BB781313271357630055669E /* EnterVerificationCode.swift in Sources */ = {isa = PBXBuildFile; fileRef = BB781312271357630055669E /* EnterVerificationCode.swift */; };
		BB781314271357630055669E /* EnterVerificationCode.swift in Sources */ = {isa = PBXBuildFile; fileRef = BB781312271357630055669E /* EnterVerificationCode.swift */; };
		BB7951962738725D0046A6AC /* SettingsView.swift in Sources */ = {isa = PBXBuildFile; fileRef = BB7951952738725D0046A6AC /* SettingsView.swift */; };
		BB7951972738725D0046A6AC /* SettingsView.swift in Sources */ = {isa = PBXBuildFile; fileRef = BB7951952738725D0046A6AC /* SettingsView.swift */; };
		BB8CC7F82734886100E247FE /* GlowBorder.swift in Sources */ = {isa = PBXBuildFile; fileRef = BB8CC7F72734886100E247FE /* GlowBorder.swift */; };
		BB8CC7F92734886100E247FE /* GlowBorder.swift in Sources */ = {isa = PBXBuildFile; fileRef = BB8CC7F72734886100E247FE /* GlowBorder.swift */; };
		BB8CC7FB273495A900E247FE /* ChangeForegroundColor.swift in Sources */ = {isa = PBXBuildFile; fileRef = BB8CC7FA273495A900E247FE /* ChangeForegroundColor.swift */; };
		BB8CC7FC273495A900E247FE /* ChangeForegroundColor.swift in Sources */ = {isa = PBXBuildFile; fileRef = BB8CC7FA273495A900E247FE /* ChangeForegroundColor.swift */; };
		BB9755AE27078DFB005E1825 /* ErrorHandlingForConversion.swift in Sources */ = {isa = PBXBuildFile; fileRef = BB9755AD27078DFB005E1825 /* ErrorHandlingForConversion.swift */; };
		BB9755AF27078DFB005E1825 /* ErrorHandlingForConversion.swift in Sources */ = {isa = PBXBuildFile; fileRef = BB9755AD27078DFB005E1825 /* ErrorHandlingForConversion.swift */; };
		BBA62BB227062A55000D5D96 /* TextFieldPattern.swift in Sources */ = {isa = PBXBuildFile; fileRef = BBA62BB127062A55000D5D96 /* TextFieldPattern.swift */; };
		BBA62BB327062A55000D5D96 /* TextFieldPattern.swift in Sources */ = {isa = PBXBuildFile; fileRef = BBA62BB127062A55000D5D96 /* TextFieldPattern.swift */; };
		BBC649BF2718663A00FFBEF6 /* NumericAuthUIDelegate.swift in Sources */ = {isa = PBXBuildFile; fileRef = BBC649BE2718663A00FFBEF6 /* NumericAuthUIDelegate.swift */; };
		BBC649C02718663A00FFBEF6 /* NumericAuthUIDelegate.swift in Sources */ = {isa = PBXBuildFile; fileRef = BBC649BE2718663A00FFBEF6 /* NumericAuthUIDelegate.swift */; };
		BBC7B08D27010DA100E3B70F /* ConvertationHelper.swift in Sources */ = {isa = PBXBuildFile; fileRef = BBC7B08C27010DA100E3B70F /* ConvertationHelper.swift */; };
		BBC7B08E27010DA100E3B70F /* ConvertationHelper.swift in Sources */ = {isa = PBXBuildFile; fileRef = BBC7B08C27010DA100E3B70F /* ConvertationHelper.swift */; };
/* End PBXBuildFile section */

/* Begin PBXContainerItemProxy section */
		BB52E61226FF473900B910BD /* PBXContainerItemProxy */ = {
			isa = PBXContainerItemProxy;
			containerPortal = BB52E5F526FF473600B910BD /* Project object */;
			proxyType = 1;
			remoteGlobalIDString = BB52E60026FF473900B910BD;
			remoteInfo = "NumeralSystemConvertion (iOS)";
		};
		BB52E61D26FF473900B910BD /* PBXContainerItemProxy */ = {
			isa = PBXContainerItemProxy;
			containerPortal = BB52E5F526FF473600B910BD /* Project object */;
			proxyType = 1;
			remoteGlobalIDString = BB52E60826FF473900B910BD;
			remoteInfo = "NumeralSystemConvertion (macOS)";
		};
/* End PBXContainerItemProxy section */

/* Begin PBXFileReference section */
		30796788E9CBA5E197A0D24D /* Pods_NumeralSystemConvertion__iOS_.framework */ = {isa = PBXFileReference; explicitFileType = wrapper.framework; includeInIndex = 0; path = Pods_NumeralSystemConvertion__iOS_.framework; sourceTree = BUILT_PRODUCTS_DIR; };
		860EFD84000BF71EDB196361 /* Pods_NumeralSystemConvertion__macOS_.framework */ = {isa = PBXFileReference; explicitFileType = wrapper.framework; includeInIndex = 0; path = Pods_NumeralSystemConvertion__macOS_.framework; sourceTree = BUILT_PRODUCTS_DIR; };
		B80BF39F90D99FCA4E37FDEE /* Pods-NumeralSystemConvertion (iOS).release.xcconfig */ = {isa = PBXFileReference; includeInIndex = 1; lastKnownFileType = text.xcconfig; name = "Pods-NumeralSystemConvertion (iOS).release.xcconfig"; path = "Target Support Files/Pods-NumeralSystemConvertion (iOS)/Pods-NumeralSystemConvertion (iOS).release.xcconfig"; sourceTree = "<group>"; };
		BB52E5FA26FF473700B910BD /* NumeralSystemConvertionApp.swift */ = {isa = PBXFileReference; lastKnownFileType = sourcecode.swift; path = NumeralSystemConvertionApp.swift; sourceTree = "<group>"; };
		BB52E5FB26FF473700B910BD /* ContentView.swift */ = {isa = PBXFileReference; lastKnownFileType = sourcecode.swift; path = ContentView.swift; sourceTree = "<group>"; };
		BB52E5FC26FF473900B910BD /* Assets.xcassets */ = {isa = PBXFileReference; lastKnownFileType = folder.assetcatalog; path = Assets.xcassets; sourceTree = "<group>"; };
		BB52E60126FF473900B910BD /* NumeralSystemConvertion.app */ = {isa = PBXFileReference; explicitFileType = wrapper.application; includeInIndex = 0; path = NumeralSystemConvertion.app; sourceTree = BUILT_PRODUCTS_DIR; };
		BB52E60426FF473900B910BD /* Info.plist */ = {isa = PBXFileReference; lastKnownFileType = text.plist.xml; path = Info.plist; sourceTree = "<group>"; };
		BB52E60926FF473900B910BD /* NumeralSystemConvertion.app */ = {isa = PBXFileReference; explicitFileType = wrapper.application; includeInIndex = 0; path = NumeralSystemConvertion.app; sourceTree = BUILT_PRODUCTS_DIR; };
		BB52E60B26FF473900B910BD /* Info.plist */ = {isa = PBXFileReference; lastKnownFileType = text.plist.xml; path = Info.plist; sourceTree = "<group>"; };
		BB52E60C26FF473900B910BD /* macOS.entitlements */ = {isa = PBXFileReference; lastKnownFileType = text.plist.entitlements; path = macOS.entitlements; sourceTree = "<group>"; };
		BB52E61126FF473900B910BD /* Tests iOS.xctest */ = {isa = PBXFileReference; explicitFileType = wrapper.cfbundle; includeInIndex = 0; path = "Tests iOS.xctest"; sourceTree = BUILT_PRODUCTS_DIR; };
		BB52E61526FF473900B910BD /* Tests_iOS.swift */ = {isa = PBXFileReference; lastKnownFileType = sourcecode.swift; path = Tests_iOS.swift; sourceTree = "<group>"; };
		BB52E61726FF473900B910BD /* Info.plist */ = {isa = PBXFileReference; lastKnownFileType = text.plist.xml; path = Info.plist; sourceTree = "<group>"; };
		BB52E61C26FF473900B910BD /* Tests macOS.xctest */ = {isa = PBXFileReference; explicitFileType = wrapper.cfbundle; includeInIndex = 0; path = "Tests macOS.xctest"; sourceTree = BUILT_PRODUCTS_DIR; };
		BB52E62026FF473900B910BD /* Tests_macOS.swift */ = {isa = PBXFileReference; lastKnownFileType = sourcecode.swift; path = Tests_macOS.swift; sourceTree = "<group>"; };
		BB52E62226FF473900B910BD /* Info.plist */ = {isa = PBXFileReference; lastKnownFileType = text.plist.xml; path = Info.plist; sourceTree = "<group>"; };
		BB736E5A271CAC8D0062C4B9 /* AppDelegate.swift */ = {isa = PBXFileReference; lastKnownFileType = sourcecode.swift; path = AppDelegate.swift; sourceTree = "<group>"; };
		BB736E5D272C441A0062C4B9 /* GoogleService-Info.plist */ = {isa = PBXFileReference; fileEncoding = 4; lastKnownFileType = text.plist.xml; path = "GoogleService-Info.plist"; sourceTree = "<group>"; };
		BB7813082711B8F20055669E /* EnterPhoneNumber.swift */ = {isa = PBXFileReference; lastKnownFileType = sourcecode.swift; path = EnterPhoneNumber.swift; sourceTree = "<group>"; };
		BB78130E271345860055669E /* AuthentificationWithPhoneNumber.swift */ = {isa = PBXFileReference; lastKnownFileType = sourcecode.swift; path = AuthentificationWithPhoneNumber.swift; sourceTree = "<group>"; };
		BB781312271357630055669E /* EnterVerificationCode.swift */ = {isa = PBXFileReference; lastKnownFileType = sourcecode.swift; path = EnterVerificationCode.swift; sourceTree = "<group>"; };
		BB781315271370180055669E /* NumeralSystemConvertion.entitlements */ = {isa = PBXFileReference; lastKnownFileType = text.plist.entitlements; path = NumeralSystemConvertion.entitlements; sourceTree = "<group>"; };
		BB7951952738725D0046A6AC /* SettingsView.swift */ = {isa = PBXFileReference; lastKnownFileType = sourcecode.swift; path = SettingsView.swift; sourceTree = "<group>"; };
		BB8CC7F72734886100E247FE /* GlowBorder.swift */ = {isa = PBXFileReference; lastKnownFileType = sourcecode.swift; path = GlowBorder.swift; sourceTree = "<group>"; };
		BB8CC7FA273495A900E247FE /* ChangeForegroundColor.swift */ = {isa = PBXFileReference; lastKnownFileType = sourcecode.swift; path = ChangeForegroundColor.swift; sourceTree = "<group>"; };
		BB9755AD27078DFB005E1825 /* ErrorHandlingForConversion.swift */ = {isa = PBXFileReference; lastKnownFileType = sourcecode.swift; path = ErrorHandlingForConversion.swift; sourceTree = "<group>"; };
		BBA62BB127062A55000D5D96 /* TextFieldPattern.swift */ = {isa = PBXFileReference; lastKnownFileType = sourcecode.swift; path = TextFieldPattern.swift; sourceTree = "<group>"; };
		BBC649BE2718663A00FFBEF6 /* NumericAuthUIDelegate.swift */ = {isa = PBXFileReference; lastKnownFileType = sourcecode.swift; path = NumericAuthUIDelegate.swift; sourceTree = "<group>"; };
		BBC7B08C27010DA100E3B70F /* ConvertationHelper.swift */ = {isa = PBXFileReference; lastKnownFileType = sourcecode.swift; path = ConvertationHelper.swift; sourceTree = "<group>"; };
		CC42ADE6F7DEFE04C73C569F /* Pods-NumeralSystemConvertion (macOS).debug.xcconfig */ = {isa = PBXFileReference; includeInIndex = 1; lastKnownFileType = text.xcconfig; name = "Pods-NumeralSystemConvertion (macOS).debug.xcconfig"; path = "Target Support Files/Pods-NumeralSystemConvertion (macOS)/Pods-NumeralSystemConvertion (macOS).debug.xcconfig"; sourceTree = "<group>"; };
		EA062A2A96E8B04DADDBB9D0 /* Pods-NumeralSystemConvertion (macOS).release.xcconfig */ = {isa = PBXFileReference; includeInIndex = 1; lastKnownFileType = text.xcconfig; name = "Pods-NumeralSystemConvertion (macOS).release.xcconfig"; path = "Target Support Files/Pods-NumeralSystemConvertion (macOS)/Pods-NumeralSystemConvertion (macOS).release.xcconfig"; sourceTree = "<group>"; };
		FC9DDFE1CDA276676C19D511 /* Pods-NumeralSystemConvertion (iOS).debug.xcconfig */ = {isa = PBXFileReference; includeInIndex = 1; lastKnownFileType = text.xcconfig; name = "Pods-NumeralSystemConvertion (iOS).debug.xcconfig"; path = "Target Support Files/Pods-NumeralSystemConvertion (iOS)/Pods-NumeralSystemConvertion (iOS).debug.xcconfig"; sourceTree = "<group>"; };
/* End PBXFileReference section */

/* Begin PBXFrameworksBuildPhase section */
		BB52E5FE26FF473900B910BD /* Frameworks */ = {
			isa = PBXFrameworksBuildPhase;
			buildActionMask = 2147483647;
			files = (
				085A58B0FB19446964F8CE79 /* Pods_NumeralSystemConvertion__iOS_.framework in Frameworks */,
			);
			runOnlyForDeploymentPostprocessing = 0;
		};
		BB52E60626FF473900B910BD /* Frameworks */ = {
			isa = PBXFrameworksBuildPhase;
			buildActionMask = 2147483647;
			files = (
				61E6250A9787C8A71F24946A /* Pods_NumeralSystemConvertion__macOS_.framework in Frameworks */,
			);
			runOnlyForDeploymentPostprocessing = 0;
		};
		BB52E60E26FF473900B910BD /* Frameworks */ = {
			isa = PBXFrameworksBuildPhase;
			buildActionMask = 2147483647;
			files = (
			);
			runOnlyForDeploymentPostprocessing = 0;
		};
		BB52E61926FF473900B910BD /* Frameworks */ = {
			isa = PBXFrameworksBuildPhase;
			buildActionMask = 2147483647;
			files = (
			);
			runOnlyForDeploymentPostprocessing = 0;
		};
/* End PBXFrameworksBuildPhase section */

/* Begin PBXGroup section */
		5E94EA2D270A05DE00A84F95 /* Views */ = {
			isa = PBXGroup;
			children = (
				BBA62BB127062A55000D5D96 /* TextFieldPattern.swift */,
				BB52E5FB26FF473700B910BD /* ContentView.swift */,
				BB7951952738725D0046A6AC /* SettingsView.swift */,
				BB781311271356E90055669E /* LogInWithPoneNumber */,
			);
			path = Views;
			sourceTree = "<group>";
		};
		BB52E5F426FF473600B910BD = {
			isa = PBXGroup;
			children = (
				BB781315271370180055669E /* NumeralSystemConvertion.entitlements */,
				BB52E5F926FF473700B910BD /* Shared */,
				BB52E60326FF473900B910BD /* iOS */,
				BB52E60A26FF473900B910BD /* macOS */,
				BB52E61426FF473900B910BD /* Tests iOS */,
				BB52E61F26FF473900B910BD /* Tests macOS */,
				BB52E60226FF473900B910BD /* Products */,
				D1D4617D834EDAE205318D3A /* Pods */,
				D5E7C0B9CCDD574A3FD38B9A /* Frameworks */,
			);
			sourceTree = "<group>";
		};
		BB52E5F926FF473700B910BD /* Shared */ = {
			isa = PBXGroup;
			children = (
				BB52E5FA26FF473700B910BD /* NumeralSystemConvertionApp.swift */,
				BB736E5A271CAC8D0062C4B9 /* AppDelegate.swift */,
				5E94EA2D270A05DE00A84F95 /* Views */,
				BBC649BE2718663A00FFBEF6 /* NumericAuthUIDelegate.swift */,
				BBC7B08C27010DA100E3B70F /* ConvertationHelper.swift */,
				BB78130E271345860055669E /* AuthentificationWithPhoneNumber.swift */,
				BB9755AD27078DFB005E1825 /* ErrorHandlingForConversion.swift */,
				BB8CC7F72734886100E247FE /* GlowBorder.swift */,
				BB8CC7FA273495A900E247FE /* ChangeForegroundColor.swift */,
				BB736E5D272C441A0062C4B9 /* GoogleService-Info.plist */,
				BB52E5FC26FF473900B910BD /* Assets.xcassets */,
			);
			path = Shared;
			sourceTree = "<group>";
		};
		BB52E60226FF473900B910BD /* Products */ = {
			isa = PBXGroup;
			children = (
				BB52E60126FF473900B910BD /* NumeralSystemConvertion.app */,
				BB52E60926FF473900B910BD /* NumeralSystemConvertion.app */,
				BB52E61126FF473900B910BD /* Tests iOS.xctest */,
				BB52E61C26FF473900B910BD /* Tests macOS.xctest */,
			);
			name = Products;
			sourceTree = "<group>";
		};
		BB52E60326FF473900B910BD /* iOS */ = {
			isa = PBXGroup;
			children = (
				BB52E60426FF473900B910BD /* Info.plist */,
			);
			path = iOS;
			sourceTree = "<group>";
		};
		BB52E60A26FF473900B910BD /* macOS */ = {
			isa = PBXGroup;
			children = (
				BB52E60B26FF473900B910BD /* Info.plist */,
				BB52E60C26FF473900B910BD /* macOS.entitlements */,
			);
			path = macOS;
			sourceTree = "<group>";
		};
		BB52E61426FF473900B910BD /* Tests iOS */ = {
			isa = PBXGroup;
			children = (
				BB52E61526FF473900B910BD /* Tests_iOS.swift */,
				BB52E61726FF473900B910BD /* Info.plist */,
			);
			path = "Tests iOS";
			sourceTree = "<group>";
		};
		BB52E61F26FF473900B910BD /* Tests macOS */ = {
			isa = PBXGroup;
			children = (
				BB52E62026FF473900B910BD /* Tests_macOS.swift */,
				BB52E62226FF473900B910BD /* Info.plist */,
			);
			path = "Tests macOS";
			sourceTree = "<group>";
		};
		BB781311271356E90055669E /* LogInWithPoneNumber */ = {
			isa = PBXGroup;
			children = (
				BB7813082711B8F20055669E /* EnterPhoneNumber.swift */,
				BB781312271357630055669E /* EnterVerificationCode.swift */,
			);
			path = LogInWithPoneNumber;
			sourceTree = "<group>";
		};
		D1D4617D834EDAE205318D3A /* Pods */ = {
			isa = PBXGroup;
			children = (
				FC9DDFE1CDA276676C19D511 /* Pods-NumeralSystemConvertion (iOS).debug.xcconfig */,
				B80BF39F90D99FCA4E37FDEE /* Pods-NumeralSystemConvertion (iOS).release.xcconfig */,
				CC42ADE6F7DEFE04C73C569F /* Pods-NumeralSystemConvertion (macOS).debug.xcconfig */,
				EA062A2A96E8B04DADDBB9D0 /* Pods-NumeralSystemConvertion (macOS).release.xcconfig */,
			);
			path = Pods;
			sourceTree = "<group>";
		};
		D5E7C0B9CCDD574A3FD38B9A /* Frameworks */ = {
			isa = PBXGroup;
			children = (
				30796788E9CBA5E197A0D24D /* Pods_NumeralSystemConvertion__iOS_.framework */,
				860EFD84000BF71EDB196361 /* Pods_NumeralSystemConvertion__macOS_.framework */,
			);
			name = Frameworks;
			sourceTree = "<group>";
		};
/* End PBXGroup section */

/* Begin PBXNativeTarget section */
		BB52E60026FF473900B910BD /* NumeralSystemConvertion (iOS) */ = {
			isa = PBXNativeTarget;
			buildConfigurationList = BB52E62B26FF473900B910BD /* Build configuration list for PBXNativeTarget "NumeralSystemConvertion (iOS)" */;
			buildPhases = (
				749D5E776D16F48EC7C2D39C /* [CP] Check Pods Manifest.lock */,
				BB52E5FD26FF473900B910BD /* Sources */,
				BB52E5FE26FF473900B910BD /* Frameworks */,
				BB52E5FF26FF473900B910BD /* Resources */,
				B6ACCF0C0DE2B013F917EBD8 /* [CP] Embed Pods Frameworks */,
				11826897CCA1ACC625CEFE73 /* [CP] Copy Pods Resources */,
			);
			buildRules = (
			);
			dependencies = (
			);
			name = "NumeralSystemConvertion (iOS)";
			productName = "NumeralSystemConvertion (iOS)";
			productReference = BB52E60126FF473900B910BD /* NumeralSystemConvertion.app */;
			productType = "com.apple.product-type.application";
		};
		BB52E60826FF473900B910BD /* NumeralSystemConvertion (macOS) */ = {
			isa = PBXNativeTarget;
			buildConfigurationList = BB52E62E26FF473900B910BD /* Build configuration list for PBXNativeTarget "NumeralSystemConvertion (macOS)" */;
			buildPhases = (
				172BFC5AFB2A6FD147AD47E4 /* [CP] Check Pods Manifest.lock */,
				BB52E60526FF473900B910BD /* Sources */,
				BB52E60626FF473900B910BD /* Frameworks */,
				BB52E60726FF473900B910BD /* Resources */,
			);
			buildRules = (
			);
			dependencies = (
			);
			name = "NumeralSystemConvertion (macOS)";
			productName = "NumeralSystemConvertion (macOS)";
			productReference = BB52E60926FF473900B910BD /* NumeralSystemConvertion.app */;
			productType = "com.apple.product-type.application";
		};
		BB52E61026FF473900B910BD /* Tests iOS */ = {
			isa = PBXNativeTarget;
			buildConfigurationList = BB52E63126FF473900B910BD /* Build configuration list for PBXNativeTarget "Tests iOS" */;
			buildPhases = (
				BB52E60D26FF473900B910BD /* Sources */,
				BB52E60E26FF473900B910BD /* Frameworks */,
				BB52E60F26FF473900B910BD /* Resources */,
			);
			buildRules = (
			);
			dependencies = (
				BB52E61326FF473900B910BD /* PBXTargetDependency */,
			);
			name = "Tests iOS";
			productName = "Tests iOS";
			productReference = BB52E61126FF473900B910BD /* Tests iOS.xctest */;
			productType = "com.apple.product-type.bundle.ui-testing";
		};
		BB52E61B26FF473900B910BD /* Tests macOS */ = {
			isa = PBXNativeTarget;
			buildConfigurationList = BB52E63426FF473900B910BD /* Build configuration list for PBXNativeTarget "Tests macOS" */;
			buildPhases = (
				BB52E61826FF473900B910BD /* Sources */,
				BB52E61926FF473900B910BD /* Frameworks */,
				BB52E61A26FF473900B910BD /* Resources */,
			);
			buildRules = (
			);
			dependencies = (
				BB52E61E26FF473900B910BD /* PBXTargetDependency */,
			);
			name = "Tests macOS";
			productName = "Tests macOS";
			productReference = BB52E61C26FF473900B910BD /* Tests macOS.xctest */;
			productType = "com.apple.product-type.bundle.ui-testing";
		};
/* End PBXNativeTarget section */

/* Begin PBXProject section */
		BB52E5F526FF473600B910BD /* Project object */ = {
			isa = PBXProject;
			attributes = {
				LastSwiftUpdateCheck = 1250;
				LastUpgradeCheck = 1250;
				TargetAttributes = {
					BB52E60026FF473900B910BD = {
						CreatedOnToolsVersion = 12.5.1;
					};
					BB52E60826FF473900B910BD = {
						CreatedOnToolsVersion = 12.5.1;
					};
					BB52E61026FF473900B910BD = {
						CreatedOnToolsVersion = 12.5.1;
						TestTargetID = BB52E60026FF473900B910BD;
					};
					BB52E61B26FF473900B910BD = {
						CreatedOnToolsVersion = 12.5.1;
						TestTargetID = BB52E60826FF473900B910BD;
					};
				};
			};
			buildConfigurationList = BB52E5F826FF473600B910BD /* Build configuration list for PBXProject "NumeralSystemConvertion" */;
			compatibilityVersion = "Xcode 9.3";
			developmentRegion = en;
			hasScannedForEncodings = 0;
			knownRegions = (
				en,
				Base,
			);
			mainGroup = BB52E5F426FF473600B910BD;
			productRefGroup = BB52E60226FF473900B910BD /* Products */;
			projectDirPath = "";
			projectRoot = "";
			targets = (
				BB52E60026FF473900B910BD /* NumeralSystemConvertion (iOS) */,
				BB52E60826FF473900B910BD /* NumeralSystemConvertion (macOS) */,
				BB52E61026FF473900B910BD /* Tests iOS */,
				BB52E61B26FF473900B910BD /* Tests macOS */,
			);
		};
/* End PBXProject section */

/* Begin PBXResourcesBuildPhase section */
		BB52E5FF26FF473900B910BD /* Resources */ = {
			isa = PBXResourcesBuildPhase;
			buildActionMask = 2147483647;
			files = (
				BB52E62726FF473900B910BD /* Assets.xcassets in Resources */,
				BB736E5E272C441A0062C4B9 /* GoogleService-Info.plist in Resources */,
			);
			runOnlyForDeploymentPostprocessing = 0;
		};
		BB52E60726FF473900B910BD /* Resources */ = {
			isa = PBXResourcesBuildPhase;
			buildActionMask = 2147483647;
			files = (
				BB52E62826FF473900B910BD /* Assets.xcassets in Resources */,
				BB736E5F272C441B0062C4B9 /* GoogleService-Info.plist in Resources */,
			);
			runOnlyForDeploymentPostprocessing = 0;
		};
		BB52E60F26FF473900B910BD /* Resources */ = {
			isa = PBXResourcesBuildPhase;
			buildActionMask = 2147483647;
			files = (
			);
			runOnlyForDeploymentPostprocessing = 0;
		};
		BB52E61A26FF473900B910BD /* Resources */ = {
			isa = PBXResourcesBuildPhase;
			buildActionMask = 2147483647;
			files = (
			);
			runOnlyForDeploymentPostprocessing = 0;
		};
/* End PBXResourcesBuildPhase section */

/* Begin PBXShellScriptBuildPhase section */
		11826897CCA1ACC625CEFE73 /* [CP] Copy Pods Resources */ = {
			isa = PBXShellScriptBuildPhase;
			buildActionMask = 2147483647;
			files = (
			);
			inputFileListPaths = (
				"${PODS_ROOT}/Target Support Files/Pods-NumeralSystemConvertion (iOS)/Pods-NumeralSystemConvertion (iOS)-resources-${CONFIGURATION}-input-files.xcfilelist",
			);
			name = "[CP] Copy Pods Resources";
			outputFileListPaths = (
				"${PODS_ROOT}/Target Support Files/Pods-NumeralSystemConvertion (iOS)/Pods-NumeralSystemConvertion (iOS)-resources-${CONFIGURATION}-output-files.xcfilelist",
			);
			runOnlyForDeploymentPostprocessing = 0;
			shellPath = /bin/sh;
			shellScript = "\"${PODS_ROOT}/Target Support Files/Pods-NumeralSystemConvertion (iOS)/Pods-NumeralSystemConvertion (iOS)-resources.sh\"\n";
			showEnvVarsInLog = 0;
		};
		172BFC5AFB2A6FD147AD47E4 /* [CP] Check Pods Manifest.lock */ = {
			isa = PBXShellScriptBuildPhase;
			buildActionMask = 2147483647;
			files = (
			);
			inputFileListPaths = (
			);
			inputPaths = (
				"${PODS_PODFILE_DIR_PATH}/Podfile.lock",
				"${PODS_ROOT}/Manifest.lock",
			);
			name = "[CP] Check Pods Manifest.lock";
			outputFileListPaths = (
			);
			outputPaths = (
				"$(DERIVED_FILE_DIR)/Pods-NumeralSystemConvertion (macOS)-checkManifestLockResult.txt",
			);
			runOnlyForDeploymentPostprocessing = 0;
			shellPath = /bin/sh;
			shellScript = "diff \"${PODS_PODFILE_DIR_PATH}/Podfile.lock\" \"${PODS_ROOT}/Manifest.lock\" > /dev/null\nif [ $? != 0 ] ; then\n    # print error to STDERR\n    echo \"error: The sandbox is not in sync with the Podfile.lock. Run 'pod install' or update your CocoaPods installation.\" >&2\n    exit 1\nfi\n# This output is used by Xcode 'outputs' to avoid re-running this script phase.\necho \"SUCCESS\" > \"${SCRIPT_OUTPUT_FILE_0}\"\n";
			showEnvVarsInLog = 0;
		};
		749D5E776D16F48EC7C2D39C /* [CP] Check Pods Manifest.lock */ = {
			isa = PBXShellScriptBuildPhase;
			buildActionMask = 2147483647;
			files = (
			);
			inputFileListPaths = (
			);
			inputPaths = (
				"${PODS_PODFILE_DIR_PATH}/Podfile.lock",
				"${PODS_ROOT}/Manifest.lock",
			);
			name = "[CP] Check Pods Manifest.lock";
			outputFileListPaths = (
			);
			outputPaths = (
				"$(DERIVED_FILE_DIR)/Pods-NumeralSystemConvertion (iOS)-checkManifestLockResult.txt",
			);
			runOnlyForDeploymentPostprocessing = 0;
			shellPath = /bin/sh;
			shellScript = "diff \"${PODS_PODFILE_DIR_PATH}/Podfile.lock\" \"${PODS_ROOT}/Manifest.lock\" > /dev/null\nif [ $? != 0 ] ; then\n    # print error to STDERR\n    echo \"error: The sandbox is not in sync with the Podfile.lock. Run 'pod install' or update your CocoaPods installation.\" >&2\n    exit 1\nfi\n# This output is used by Xcode 'outputs' to avoid re-running this script phase.\necho \"SUCCESS\" > \"${SCRIPT_OUTPUT_FILE_0}\"\n";
			showEnvVarsInLog = 0;
		};
		B6ACCF0C0DE2B013F917EBD8 /* [CP] Embed Pods Frameworks */ = {
			isa = PBXShellScriptBuildPhase;
			buildActionMask = 2147483647;
			files = (
			);
			inputFileListPaths = (
				"${PODS_ROOT}/Target Support Files/Pods-NumeralSystemConvertion (iOS)/Pods-NumeralSystemConvertion (iOS)-frameworks-${CONFIGURATION}-input-files.xcfilelist",
			);
			name = "[CP] Embed Pods Frameworks";
			outputFileListPaths = (
				"${PODS_ROOT}/Target Support Files/Pods-NumeralSystemConvertion (iOS)/Pods-NumeralSystemConvertion (iOS)-frameworks-${CONFIGURATION}-output-files.xcfilelist",
			);
			runOnlyForDeploymentPostprocessing = 0;
			shellPath = /bin/sh;
			shellScript = "\"${PODS_ROOT}/Target Support Files/Pods-NumeralSystemConvertion (iOS)/Pods-NumeralSystemConvertion (iOS)-frameworks.sh\"\n";
			showEnvVarsInLog = 0;
		};
/* End PBXShellScriptBuildPhase section */

/* Begin PBXSourcesBuildPhase section */
		BB52E5FD26FF473900B910BD /* Sources */ = {
			isa = PBXSourcesBuildPhase;
			buildActionMask = 2147483647;
			files = (
				BB7813092711B8F20055669E /* EnterPhoneNumber.swift in Sources */,
				BB52E62526FF473900B910BD /* ContentView.swift in Sources */,
				BB8CC7FB273495A900E247FE /* ChangeForegroundColor.swift in Sources */,
				BB781313271357630055669E /* EnterVerificationCode.swift in Sources */,
				BB78130F271345860055669E /* AuthentificationWithPhoneNumber.swift in Sources */,
				BBC7B08D27010DA100E3B70F /* ConvertationHelper.swift in Sources */,
				BB7951962738725D0046A6AC /* SettingsView.swift in Sources */,
				BB52E62326FF473900B910BD /* NumeralSystemConvertionApp.swift in Sources */,
				BB8CC7F82734886100E247FE /* GlowBorder.swift in Sources */,
				BBA62BB227062A55000D5D96 /* TextFieldPattern.swift in Sources */,
				BB9755AE27078DFB005E1825 /* ErrorHandlingForConversion.swift in Sources */,
				BB736E5B271CAC8D0062C4B9 /* AppDelegate.swift in Sources */,
				BBC649BF2718663A00FFBEF6 /* NumericAuthUIDelegate.swift in Sources */,
			);
			runOnlyForDeploymentPostprocessing = 0;
		};
		BB52E60526FF473900B910BD /* Sources */ = {
			isa = PBXSourcesBuildPhase;
			buildActionMask = 2147483647;
			files = (
				BB78130A2711B8F20055669E /* EnterPhoneNumber.swift in Sources */,
				BB52E62626FF473900B910BD /* ContentView.swift in Sources */,
				BB8CC7FC273495A900E247FE /* ChangeForegroundColor.swift in Sources */,
				BB781314271357630055669E /* EnterVerificationCode.swift in Sources */,
				BB781310271345860055669E /* AuthentificationWithPhoneNumber.swift in Sources */,
				BBC7B08E27010DA100E3B70F /* ConvertationHelper.swift in Sources */,
				BB7951972738725D0046A6AC /* SettingsView.swift in Sources */,
				BB52E62426FF473900B910BD /* NumeralSystemConvertionApp.swift in Sources */,
				BB8CC7F92734886100E247FE /* GlowBorder.swift in Sources */,
				BBA62BB327062A55000D5D96 /* TextFieldPattern.swift in Sources */,
				BB9755AF27078DFB005E1825 /* ErrorHandlingForConversion.swift in Sources */,
				BB736E5C271CAC8D0062C4B9 /* AppDelegate.swift in Sources */,
				BBC649C02718663A00FFBEF6 /* NumericAuthUIDelegate.swift in Sources */,
			);
			runOnlyForDeploymentPostprocessing = 0;
		};
		BB52E60D26FF473900B910BD /* Sources */ = {
			isa = PBXSourcesBuildPhase;
			buildActionMask = 2147483647;
			files = (
				BB52E61626FF473900B910BD /* Tests_iOS.swift in Sources */,
			);
			runOnlyForDeploymentPostprocessing = 0;
		};
		BB52E61826FF473900B910BD /* Sources */ = {
			isa = PBXSourcesBuildPhase;
			buildActionMask = 2147483647;
			files = (
				BB52E62126FF473900B910BD /* Tests_macOS.swift in Sources */,
			);
			runOnlyForDeploymentPostprocessing = 0;
		};
/* End PBXSourcesBuildPhase section */

/* Begin PBXTargetDependency section */
		BB52E61326FF473900B910BD /* PBXTargetDependency */ = {
			isa = PBXTargetDependency;
			target = BB52E60026FF473900B910BD /* NumeralSystemConvertion (iOS) */;
			targetProxy = BB52E61226FF473900B910BD /* PBXContainerItemProxy */;
		};
		BB52E61E26FF473900B910BD /* PBXTargetDependency */ = {
			isa = PBXTargetDependency;
			target = BB52E60826FF473900B910BD /* NumeralSystemConvertion (macOS) */;
			targetProxy = BB52E61D26FF473900B910BD /* PBXContainerItemProxy */;
		};
/* End PBXTargetDependency section */

/* Begin XCBuildConfiguration section */
		BB52E62926FF473900B910BD /* Debug */ = {
			isa = XCBuildConfiguration;
			buildSettings = {
				ALWAYS_SEARCH_USER_PATHS = NO;
				CLANG_ANALYZER_NONNULL = YES;
				CLANG_ANALYZER_NUMBER_OBJECT_CONVERSION = YES_AGGRESSIVE;
				CLANG_CXX_LANGUAGE_STANDARD = "gnu++14";
				CLANG_CXX_LIBRARY = "libc++";
				CLANG_ENABLE_MODULES = YES;
				CLANG_ENABLE_OBJC_ARC = YES;
				CLANG_ENABLE_OBJC_WEAK = YES;
				CLANG_WARN_BLOCK_CAPTURE_AUTORELEASING = YES;
				CLANG_WARN_BOOL_CONVERSION = YES;
				CLANG_WARN_COMMA = YES;
				CLANG_WARN_CONSTANT_CONVERSION = YES;
				CLANG_WARN_DEPRECATED_OBJC_IMPLEMENTATIONS = YES;
				CLANG_WARN_DIRECT_OBJC_ISA_USAGE = YES_ERROR;
				CLANG_WARN_DOCUMENTATION_COMMENTS = YES;
				CLANG_WARN_EMPTY_BODY = YES;
				CLANG_WARN_ENUM_CONVERSION = YES;
				CLANG_WARN_INFINITE_RECURSION = YES;
				CLANG_WARN_INT_CONVERSION = YES;
				CLANG_WARN_NON_LITERAL_NULL_CONVERSION = YES;
				CLANG_WARN_OBJC_IMPLICIT_RETAIN_SELF = YES;
				CLANG_WARN_OBJC_LITERAL_CONVERSION = YES;
				CLANG_WARN_OBJC_ROOT_CLASS = YES_ERROR;
				CLANG_WARN_QUOTED_INCLUDE_IN_FRAMEWORK_HEADER = YES;
				CLANG_WARN_RANGE_LOOP_ANALYSIS = YES;
				CLANG_WARN_STRICT_PROTOTYPES = YES;
				CLANG_WARN_SUSPICIOUS_MOVE = YES;
				CLANG_WARN_UNGUARDED_AVAILABILITY = YES_AGGRESSIVE;
				CLANG_WARN_UNREACHABLE_CODE = YES;
				CLANG_WARN__DUPLICATE_METHOD_MATCH = YES;
				COPY_PHASE_STRIP = NO;
				DEBUG_INFORMATION_FORMAT = dwarf;
				ENABLE_STRICT_OBJC_MSGSEND = YES;
				ENABLE_TESTABILITY = YES;
				GCC_C_LANGUAGE_STANDARD = gnu11;
				GCC_DYNAMIC_NO_PIC = NO;
				GCC_NO_COMMON_BLOCKS = YES;
				GCC_OPTIMIZATION_LEVEL = 0;
				GCC_PREPROCESSOR_DEFINITIONS = (
					"DEBUG=1",
					"$(inherited)",
				);
				GCC_WARN_64_TO_32_BIT_CONVERSION = YES;
				GCC_WARN_ABOUT_RETURN_TYPE = YES_ERROR;
				GCC_WARN_UNDECLARED_SELECTOR = YES;
				GCC_WARN_UNINITIALIZED_AUTOS = YES_AGGRESSIVE;
				GCC_WARN_UNUSED_FUNCTION = YES;
				GCC_WARN_UNUSED_VARIABLE = YES;
				MTL_ENABLE_DEBUG_INFO = INCLUDE_SOURCE;
				MTL_FAST_MATH = YES;
				ONLY_ACTIVE_ARCH = YES;
				SWIFT_ACTIVE_COMPILATION_CONDITIONS = DEBUG;
				SWIFT_OPTIMIZATION_LEVEL = "-Onone";
			};
			name = Debug;
		};
		BB52E62A26FF473900B910BD /* Release */ = {
			isa = XCBuildConfiguration;
			buildSettings = {
				ALWAYS_SEARCH_USER_PATHS = NO;
				CLANG_ANALYZER_NONNULL = YES;
				CLANG_ANALYZER_NUMBER_OBJECT_CONVERSION = YES_AGGRESSIVE;
				CLANG_CXX_LANGUAGE_STANDARD = "gnu++14";
				CLANG_CXX_LIBRARY = "libc++";
				CLANG_ENABLE_MODULES = YES;
				CLANG_ENABLE_OBJC_ARC = YES;
				CLANG_ENABLE_OBJC_WEAK = YES;
				CLANG_WARN_BLOCK_CAPTURE_AUTORELEASING = YES;
				CLANG_WARN_BOOL_CONVERSION = YES;
				CLANG_WARN_COMMA = YES;
				CLANG_WARN_CONSTANT_CONVERSION = YES;
				CLANG_WARN_DEPRECATED_OBJC_IMPLEMENTATIONS = YES;
				CLANG_WARN_DIRECT_OBJC_ISA_USAGE = YES_ERROR;
				CLANG_WARN_DOCUMENTATION_COMMENTS = YES;
				CLANG_WARN_EMPTY_BODY = YES;
				CLANG_WARN_ENUM_CONVERSION = YES;
				CLANG_WARN_INFINITE_RECURSION = YES;
				CLANG_WARN_INT_CONVERSION = YES;
				CLANG_WARN_NON_LITERAL_NULL_CONVERSION = YES;
				CLANG_WARN_OBJC_IMPLICIT_RETAIN_SELF = YES;
				CLANG_WARN_OBJC_LITERAL_CONVERSION = YES;
				CLANG_WARN_OBJC_ROOT_CLASS = YES_ERROR;
				CLANG_WARN_QUOTED_INCLUDE_IN_FRAMEWORK_HEADER = YES;
				CLANG_WARN_RANGE_LOOP_ANALYSIS = YES;
				CLANG_WARN_STRICT_PROTOTYPES = YES;
				CLANG_WARN_SUSPICIOUS_MOVE = YES;
				CLANG_WARN_UNGUARDED_AVAILABILITY = YES_AGGRESSIVE;
				CLANG_WARN_UNREACHABLE_CODE = YES;
				CLANG_WARN__DUPLICATE_METHOD_MATCH = YES;
				COPY_PHASE_STRIP = NO;
				DEBUG_INFORMATION_FORMAT = "dwarf-with-dsym";
				ENABLE_NS_ASSERTIONS = NO;
				ENABLE_STRICT_OBJC_MSGSEND = YES;
				GCC_C_LANGUAGE_STANDARD = gnu11;
				GCC_NO_COMMON_BLOCKS = YES;
				GCC_WARN_64_TO_32_BIT_CONVERSION = YES;
				GCC_WARN_ABOUT_RETURN_TYPE = YES_ERROR;
				GCC_WARN_UNDECLARED_SELECTOR = YES;
				GCC_WARN_UNINITIALIZED_AUTOS = YES_AGGRESSIVE;
				GCC_WARN_UNUSED_FUNCTION = YES;
				GCC_WARN_UNUSED_VARIABLE = YES;
				MTL_ENABLE_DEBUG_INFO = NO;
				MTL_FAST_MATH = YES;
				SWIFT_COMPILATION_MODE = wholemodule;
				SWIFT_OPTIMIZATION_LEVEL = "-O";
			};
			name = Release;
		};
		BB52E62C26FF473900B910BD /* Debug */ = {
			isa = XCBuildConfiguration;
			baseConfigurationReference = FC9DDFE1CDA276676C19D511 /* Pods-NumeralSystemConvertion (iOS).debug.xcconfig */;
			buildSettings = {
				ASSETCATALOG_COMPILER_APPICON_NAME = AppIcon;
				ASSETCATALOG_COMPILER_GLOBAL_ACCENT_COLOR_NAME = AccentColor;
				CODE_SIGN_ENTITLEMENTS = NumeralSystemConvertion.entitlements;
				CODE_SIGN_STYLE = Automatic;
				DEVELOPMENT_TEAM = 47J4D692KF;
				ENABLE_PREVIEWS = YES;
				INFOPLIST_FILE = iOS/Info.plist;
				IPHONEOS_DEPLOYMENT_TARGET = 14.0;
				LD_RUNPATH_SEARCH_PATHS = (
					"$(inherited)",
					"@executable_path/Frameworks",
				);
				PRODUCT_BUNDLE_IDENTIFIER = Wlanko.NumeralSystemConvertion;
				PRODUCT_NAME = NumeralSystemConvertion;
				SDKROOT = iphoneos;
				SWIFT_VERSION = 5.0;
				TARGETED_DEVICE_FAMILY = 1;
			};
			name = Debug;
		};
		BB52E62D26FF473900B910BD /* Release */ = {
			isa = XCBuildConfiguration;
			baseConfigurationReference = B80BF39F90D99FCA4E37FDEE /* Pods-NumeralSystemConvertion (iOS).release.xcconfig */;
			buildSettings = {
				ASSETCATALOG_COMPILER_APPICON_NAME = AppIcon;
				ASSETCATALOG_COMPILER_GLOBAL_ACCENT_COLOR_NAME = AccentColor;
				CODE_SIGN_ENTITLEMENTS = NumeralSystemConvertion.entitlements;
				CODE_SIGN_STYLE = Automatic;
				DEVELOPMENT_TEAM = 47J4D692KF;
				ENABLE_PREVIEWS = YES;
				INFOPLIST_FILE = iOS/Info.plist;
				IPHONEOS_DEPLOYMENT_TARGET = 14.0;
				LD_RUNPATH_SEARCH_PATHS = (
					"$(inherited)",
					"@executable_path/Frameworks",
				);
				PRODUCT_BUNDLE_IDENTIFIER = Wlanko.NumeralSystemConvertion;
				PRODUCT_NAME = NumeralSystemConvertion;
				SDKROOT = iphoneos;
				SWIFT_VERSION = 5.0;
				TARGETED_DEVICE_FAMILY = 1;
				VALIDATE_PRODUCT = YES;
			};
			name = Release;
		};
		BB52E62F26FF473900B910BD /* Debug */ = {
			isa = XCBuildConfiguration;
			baseConfigurationReference = CC42ADE6F7DEFE04C73C569F /* Pods-NumeralSystemConvertion (macOS).debug.xcconfig */;
			buildSettings = {
				ASSETCATALOG_COMPILER_APPICON_NAME = AppIcon;
				ASSETCATALOG_COMPILER_GLOBAL_ACCENT_COLOR_NAME = AccentColor;
				CODE_SIGN_ENTITLEMENTS = macOS/macOS.entitlements;
				CODE_SIGN_STYLE = Automatic;
				COMBINE_HIDPI_IMAGES = YES;
				DEVELOPMENT_TEAM = 47J4D692KF;
				ENABLE_HARDENED_RUNTIME = YES;
				ENABLE_PREVIEWS = YES;
				INFOPLIST_FILE = macOS/Info.plist;
				LD_RUNPATH_SEARCH_PATHS = (
					"$(inherited)",
					"@executable_path/../Frameworks",
				);
				MACOSX_DEPLOYMENT_TARGET = 11.0;
				PRODUCT_BUNDLE_IDENTIFIER = Wlanko.NumeralSystemConvertion;
				PRODUCT_NAME = NumeralSystemConvertion;
				SDKROOT = macosx;
				SWIFT_VERSION = 5.0;
			};
			name = Debug;
		};
		BB52E63026FF473900B910BD /* Release */ = {
			isa = XCBuildConfiguration;
			baseConfigurationReference = EA062A2A96E8B04DADDBB9D0 /* Pods-NumeralSystemConvertion (macOS).release.xcconfig */;
			buildSettings = {
				ASSETCATALOG_COMPILER_APPICON_NAME = AppIcon;
				ASSETCATALOG_COMPILER_GLOBAL_ACCENT_COLOR_NAME = AccentColor;
				CODE_SIGN_ENTITLEMENTS = macOS/macOS.entitlements;
				CODE_SIGN_STYLE = Automatic;
				COMBINE_HIDPI_IMAGES = YES;
				DEVELOPMENT_TEAM = 47J4D692KF;
				ENABLE_HARDENED_RUNTIME = YES;
				ENABLE_PREVIEWS = YES;
				INFOPLIST_FILE = macOS/Info.plist;
				LD_RUNPATH_SEARCH_PATHS = (
					"$(inherited)",
					"@executable_path/../Frameworks",
				);
				MACOSX_DEPLOYMENT_TARGET = 11.0;
				PRODUCT_BUNDLE_IDENTIFIER = Wlanko.NumeralSystemConvertion;
				PRODUCT_NAME = NumeralSystemConvertion;
				SDKROOT = macosx;
				SWIFT_VERSION = 5.0;
			};
			name = Release;
		};
		BB52E63226FF473900B910BD /* Debug */ = {
			isa = XCBuildConfiguration;
			buildSettings = {
				ALWAYS_EMBED_SWIFT_STANDARD_LIBRARIES = YES;
				CODE_SIGN_STYLE = Automatic;
				DEVELOPMENT_TEAM = 47J4D692KF;
				INFOPLIST_FILE = "Tests iOS/Info.plist";
				IPHONEOS_DEPLOYMENT_TARGET = 14.5;
				LD_RUNPATH_SEARCH_PATHS = (
					"$(inherited)",
					"@executable_path/Frameworks",
					"@loader_path/Frameworks",
				);
				PRODUCT_BUNDLE_IDENTIFIER = "Wlanko.Tests-iOS";
				PRODUCT_NAME = "$(TARGET_NAME)";
				SDKROOT = iphoneos;
				SWIFT_VERSION = 5.0;
				TARGETED_DEVICE_FAMILY = "1,2";
				TEST_TARGET_NAME = "NumeralSystemConvertion (iOS)";
			};
			name = Debug;
		};
		BB52E63326FF473900B910BD /* Release */ = {
			isa = XCBuildConfiguration;
			buildSettings = {
				ALWAYS_EMBED_SWIFT_STANDARD_LIBRARIES = YES;
				CODE_SIGN_STYLE = Automatic;
				DEVELOPMENT_TEAM = 47J4D692KF;
				INFOPLIST_FILE = "Tests iOS/Info.plist";
				IPHONEOS_DEPLOYMENT_TARGET = 14.5;
				LD_RUNPATH_SEARCH_PATHS = (
					"$(inherited)",
					"@executable_path/Frameworks",
					"@loader_path/Frameworks",
				);
				PRODUCT_BUNDLE_IDENTIFIER = "Wlanko.Tests-iOS";
				PRODUCT_NAME = "$(TARGET_NAME)";
				SDKROOT = iphoneos;
				SWIFT_VERSION = 5.0;
				TARGETED_DEVICE_FAMILY = "1,2";
				TEST_TARGET_NAME = "NumeralSystemConvertion (iOS)";
				VALIDATE_PRODUCT = YES;
			};
			name = Release;
		};
		BB52E63526FF473900B910BD /* Debug */ = {
			isa = XCBuildConfiguration;
			buildSettings = {
				ALWAYS_EMBED_SWIFT_STANDARD_LIBRARIES = YES;
				CODE_SIGN_STYLE = Automatic;
				COMBINE_HIDPI_IMAGES = YES;
				DEVELOPMENT_TEAM = 47J4D692KF;
				INFOPLIST_FILE = "Tests macOS/Info.plist";
				LD_RUNPATH_SEARCH_PATHS = (
					"$(inherited)",
					"@executable_path/../Frameworks",
					"@loader_path/../Frameworks",
				);
				MACOSX_DEPLOYMENT_TARGET = 11.3;
				PRODUCT_BUNDLE_IDENTIFIER = "Wlanko.Tests-macOS";
				PRODUCT_NAME = "$(TARGET_NAME)";
				SDKROOT = macosx;
				SWIFT_VERSION = 5.0;
				TEST_TARGET_NAME = "NumeralSystemConvertion (macOS)";
			};
			name = Debug;
		};
		BB52E63626FF473900B910BD /* Release */ = {
			isa = XCBuildConfiguration;
			buildSettings = {
				ALWAYS_EMBED_SWIFT_STANDARD_LIBRARIES = YES;
				CODE_SIGN_STYLE = Automatic;
				COMBINE_HIDPI_IMAGES = YES;
				DEVELOPMENT_TEAM = 47J4D692KF;
				INFOPLIST_FILE = "Tests macOS/Info.plist";
				LD_RUNPATH_SEARCH_PATHS = (
					"$(inherited)",
					"@executable_path/../Frameworks",
					"@loader_path/../Frameworks",
				);
				MACOSX_DEPLOYMENT_TARGET = 11.3;
				PRODUCT_BUNDLE_IDENTIFIER = "Wlanko.Tests-macOS";
				PRODUCT_NAME = "$(TARGET_NAME)";
				SDKROOT = macosx;
				SWIFT_VERSION = 5.0;
				TEST_TARGET_NAME = "NumeralSystemConvertion (macOS)";
			};
			name = Release;
		};
/* End XCBuildConfiguration section */

/* Begin XCConfigurationList section */
		BB52E5F826FF473600B910BD /* Build configuration list for PBXProject "NumeralSystemConvertion" */ = {
			isa = XCConfigurationList;
			buildConfigurations = (
				BB52E62926FF473900B910BD /* Debug */,
				BB52E62A26FF473900B910BD /* Release */,
			);
			defaultConfigurationIsVisible = 0;
			defaultConfigurationName = Release;
		};
		BB52E62B26FF473900B910BD /* Build configuration list for PBXNativeTarget "NumeralSystemConvertion (iOS)" */ = {
			isa = XCConfigurationList;
			buildConfigurations = (
				BB52E62C26FF473900B910BD /* Debug */,
				BB52E62D26FF473900B910BD /* Release */,
			);
			defaultConfigurationIsVisible = 0;
			defaultConfigurationName = Release;
		};
		BB52E62E26FF473900B910BD /* Build configuration list for PBXNativeTarget "NumeralSystemConvertion (macOS)" */ = {
			isa = XCConfigurationList;
			buildConfigurations = (
				BB52E62F26FF473900B910BD /* Debug */,
				BB52E63026FF473900B910BD /* Release */,
			);
			defaultConfigurationIsVisible = 0;
			defaultConfigurationName = Release;
		};
		BB52E63126FF473900B910BD /* Build configuration list for PBXNativeTarget "Tests iOS" */ = {
			isa = XCConfigurationList;
			buildConfigurations = (
				BB52E63226FF473900B910BD /* Debug */,
				BB52E63326FF473900B910BD /* Release */,
			);
			defaultConfigurationIsVisible = 0;
			defaultConfigurationName = Release;
		};
		BB52E63426FF473900B910BD /* Build configuration list for PBXNativeTarget "Tests macOS" */ = {
			isa = XCConfigurationList;
			buildConfigurations = (
				BB52E63526FF473900B910BD /* Debug */,
				BB52E63626FF473900B910BD /* Release */,
			);
			defaultConfigurationIsVisible = 0;
			defaultConfigurationName = Release;
		};
/* End XCConfigurationList section */
	};
	rootObject = BB52E5F526FF473600B910BD /* Project object */;
}
